// !$*UTF8*$!
{
	archiveVersion = 1;
	classes = {
	};
	objectVersion = 46;
	objects = {

/* Begin PBXBuildFile section */
		F666BCD71D69ACFE008AEC60 /* AppDelegate.swift in Sources */ = {isa = PBXBuildFile; fileRef = F666BCD61D69ACFE008AEC60 /* AppDelegate.swift */; };
		F666BCDC1D69ACFE008AEC60 /* Main.storyboard in Resources */ = {isa = PBXBuildFile; fileRef = F666BCDA1D69ACFE008AEC60 /* Main.storyboard */; };
		F666BCDE1D69ACFE008AEC60 /* Assets.xcassets in Resources */ = {isa = PBXBuildFile; fileRef = F666BCDD1D69ACFE008AEC60 /* Assets.xcassets */; };
		F666BCE11D69ACFE008AEC60 /* LaunchScreen.storyboard in Resources */ = {isa = PBXBuildFile; fileRef = F666BCDF1D69ACFE008AEC60 /* LaunchScreen.storyboard */; };
		F666BCEC1D69AD25008AEC60 /* functions and filters.swift in Sources */ = {isa = PBXBuildFile; fileRef = F666BCE81D69AD25008AEC60 /* functions and filters.swift */; };
		F666BCED1D69AD25008AEC60 /* Functions.swift in Sources */ = {isa = PBXBuildFile; fileRef = F666BCE91D69AD25008AEC60 /* Functions.swift */; };
		F666BCEE1D69AD25008AEC60 /* TestFilters.swift in Sources */ = {isa = PBXBuildFile; fileRef = F666BCEA1D69AD25008AEC60 /* TestFilters.swift */; };
		F666BCEF1D69AD25008AEC60 /* ImageView.swift in Sources */ = {isa = PBXBuildFile; fileRef = F666BCEB1D69AD25008AEC60 /* ImageView.swift */; };
		F666BCF21D69AE4C008AEC60 /* ViewController.swift in Sources */ = {isa = PBXBuildFile; fileRef = F666BCF11D69AE4C008AEC60 /* ViewController.swift */; };
		F666BCF41D69AE65008AEC60 /* flower.png in Resources */ = {isa = PBXBuildFile; fileRef = F666BCF31D69AE65008AEC60 /* flower.png */; };
/* End PBXBuildFile section */

/* Begin PBXFileReference section */
		F666BCD31D69ACFE008AEC60 /* Fast LLF.app */ = {isa = PBXFileReference; explicitFileType = wrapper.application; includeInIndex = 0; path = "Fast LLF.app"; sourceTree = BUILT_PRODUCTS_DIR; };
		F666BCD61D69ACFE008AEC60 /* AppDelegate.swift */ = {isa = PBXFileReference; lastKnownFileType = sourcecode.swift; path = AppDelegate.swift; sourceTree = "<group>"; };
		F666BCDB1D69ACFE008AEC60 /* Base */ = {isa = PBXFileReference; lastKnownFileType = file.storyboard; name = Base; path = Base.lproj/Main.storyboard; sourceTree = "<group>"; };
		F666BCDD1D69ACFE008AEC60 /* Assets.xcassets */ = {isa = PBXFileReference; lastKnownFileType = folder.assetcatalog; path = Assets.xcassets; sourceTree = "<group>"; };
		F666BCE01D69ACFE008AEC60 /* Base */ = {isa = PBXFileReference; lastKnownFileType = file.storyboard; name = Base; path = Base.lproj/LaunchScreen.storyboard; sourceTree = "<group>"; };
		F666BCE21D69ACFE008AEC60 /* Info.plist */ = {isa = PBXFileReference; lastKnownFileType = text.plist.xml; path = Info.plist; sourceTree = "<group>"; };
		F666BCE81D69AD25008AEC60 /* functions and filters.swift */ = {isa = PBXFileReference; fileEncoding = 4; lastKnownFileType = sourcecode.swift; path = "functions and filters.swift"; sourceTree = "<group>"; };
		F666BCE91D69AD25008AEC60 /* Functions.swift */ = {isa = PBXFileReference; fileEncoding = 4; lastKnownFileType = sourcecode.swift; path = Functions.swift; sourceTree = "<group>"; };
		F666BCEA1D69AD25008AEC60 /* TestFilters.swift */ = {isa = PBXFileReference; fileEncoding = 4; lastKnownFileType = sourcecode.swift; path = TestFilters.swift; sourceTree = "<group>"; };
		F666BCEB1D69AD25008AEC60 /* ImageView.swift */ = {isa = PBXFileReference; fileEncoding = 4; lastKnownFileType = sourcecode.swift; name = ImageView.swift; path = ../ImageView.swift; sourceTree = "<group>"; };
		F666BCF11D69AE4C008AEC60 /* ViewController.swift */ = {isa = PBXFileReference; fileEncoding = 4; lastKnownFileType = sourcecode.swift; path = ViewController.swift; sourceTree = "<group>"; };
		F666BCF31D69AE65008AEC60 /* flower.png */ = {isa = PBXFileReference; lastKnownFileType = image.png; path = flower.png; sourceTree = "<group>"; };
/* End PBXFileReference section */

/* Begin PBXFrameworksBuildPhase section */
		F666BCD01D69ACFE008AEC60 /* Frameworks */ = {
			isa = PBXFrameworksBuildPhase;
			buildActionMask = 2147483647;
			files = (
			);
			runOnlyForDeploymentPostprocessing = 0;
		};
/* End PBXFrameworksBuildPhase section */

/* Begin PBXGroup section */
		F666BCCA1D69ACFE008AEC60 = {
			isa = PBXGroup;
			children = (
				F666BCD51D69ACFE008AEC60 /* Fast LLF */,
				F666BCD41D69ACFE008AEC60 /* Products */,
			);
			sourceTree = "<group>";
		};
		F666BCD41D69ACFE008AEC60 /* Products */ = {
			isa = PBXGroup;
			children = (
				F666BCD31D69ACFE008AEC60 /* Fast LLF.app */,
			);
			name = Products;
			sourceTree = "<group>";
		};
		F666BCD51D69ACFE008AEC60 /* Fast LLF */ = {
			isa = PBXGroup;
			children = (
				F666BCF01D69AD2C008AEC60 /* Custom Filters & Functions */,
				F666BCD61D69ACFE008AEC60 /* AppDelegate.swift */,
				F666BCF11D69AE4C008AEC60 /* ViewController.swift */,
				F666BCDA1D69ACFE008AEC60 /* Main.storyboard */,
				F666BCDD1D69ACFE008AEC60 /* Assets.xcassets */,
				F666BCDF1D69ACFE008AEC60 /* LaunchScreen.storyboard */,
				F666BCE21D69ACFE008AEC60 /* Info.plist */,
				F666BCEB1D69AD25008AEC60 /* ImageView.swift */,
				F666BCF31D69AE65008AEC60 /* flower.png */,
			);
			path = "Fast LLF";
			sourceTree = "<group>";
		};
		F666BCF01D69AD2C008AEC60 /* Custom Filters & Functions */ = {
			isa = PBXGroup;
			children = (
				F666BCE81D69AD25008AEC60 /* functions and filters.swift */,
				F666BCE91D69AD25008AEC60 /* Functions.swift */,
				F666BCEA1D69AD25008AEC60 /* TestFilters.swift */,
			);
			name = "Custom Filters & Functions";
			path = ..;
			sourceTree = "<group>";
		};
/* End PBXGroup section */

/* Begin PBXNativeTarget section */
		F666BCD21D69ACFE008AEC60 /* Fast LLF */ = {
			isa = PBXNativeTarget;
			buildConfigurationList = F666BCE51D69ACFE008AEC60 /* Build configuration list for PBXNativeTarget "Fast LLF" */;
			buildPhases = (
				F666BCCF1D69ACFE008AEC60 /* Sources */,
				F666BCD01D69ACFE008AEC60 /* Frameworks */,
				F666BCD11D69ACFE008AEC60 /* Resources */,
			);
			buildRules = (
			);
			dependencies = (
			);
			name = "Fast LLF";
			productName = "Fast LLF";
			productReference = F666BCD31D69ACFE008AEC60 /* Fast LLF.app */;
			productType = "com.apple.product-type.application";
		};
/* End PBXNativeTarget section */

/* Begin PBXProject section */
		F666BCCB1D69ACFE008AEC60 /* Project object */ = {
			isa = PBXProject;
			attributes = {
				LastSwiftUpdateCheck = 0730;
				LastUpgradeCheck = 0730;
				ORGANIZATIONNAME = "David Sacco";
				TargetAttributes = {
					F666BCD21D69ACFE008AEC60 = {
						CreatedOnToolsVersion = 7.3.1;
						DevelopmentTeam = L94DP68J65;
					};
				};
			};
			buildConfigurationList = F666BCCE1D69ACFE008AEC60 /* Build configuration list for PBXProject "Fast LLF" */;
			compatibilityVersion = "Xcode 3.2";
			developmentRegion = English;
			hasScannedForEncodings = 0;
			knownRegions = (
				en,
				Base,
			);
			mainGroup = F666BCCA1D69ACFE008AEC60;
			productRefGroup = F666BCD41D69ACFE008AEC60 /* Products */;
			projectDirPath = "";
			projectRoot = "";
			targets = (
				F666BCD21D69ACFE008AEC60 /* Fast LLF */,
			);
		};
/* End PBXProject section */

/* Begin PBXResourcesBuildPhase section */
		F666BCD11D69ACFE008AEC60 /* Resources */ = {
			isa = PBXResourcesBuildPhase;
			buildActionMask = 2147483647;
			files = (
				F666BCF41D69AE65008AEC60 /* flower.png in Resources */,
				F666BCE11D69ACFE008AEC60 /* LaunchScreen.storyboard in Resources */,
				F666BCDE1D69ACFE008AEC60 /* Assets.xcassets in Resources */,
				F666BCDC1D69ACFE008AEC60 /* Main.storyboard in Resources */,
			);
			runOnlyForDeploymentPostprocessing = 0;
		};
/* End PBXResourcesBuildPhase section */

/* Begin PBXSourcesBuildPhase section */
		F666BCCF1D69ACFE008AEC60 /* Sources */ = {
			isa = PBXSourcesBuildPhase;
			buildActionMask = 2147483647;
			files = (
				F666BCF21D69AE4C008AEC60 /* ViewController.swift in Sources */,
				F666BCEF1D69AD25008AEC60 /* ImageView.swift in Sources */,
				F666BCEC1D69AD25008AEC60 /* functions and filters.swift in Sources */,
				F666BCD71D69ACFE008AEC60 /* AppDelegate.swift in Sources */,
				F666BCEE1D69AD25008AEC60 /* TestFilters.swift in Sources */,
				F666BCED1D69AD25008AEC60 /* Functions.swift in Sources */,
			);
			runOnlyForDeploymentPostprocessing = 0;
		};
/* End PBXSourcesBuildPhase section */

/* Begin PBXVariantGroup section */
		F666BCDA1D69ACFE008AEC60 /* Main.storyboard */ = {
			isa = PBXVariantGroup;
			children = (
				F666BCDB1D69ACFE008AEC60 /* Base */,
			);
			name = Main.storyboard;
			sourceTree = "<group>";
		};
		F666BCDF1D69ACFE008AEC60 /* LaunchScreen.storyboard */ = {
			isa = PBXVariantGroup;
			children = (
				F666BCE01D69ACFE008AEC60 /* Base */,
			);
			name = LaunchScreen.storyboard;
			sourceTree = "<group>";
		};
/* End PBXVariantGroup section */

/* Begin XCBuildConfiguration section */
		F666BCE31D69ACFE008AEC60 /* Debug */ = {
			isa = XCBuildConfiguration;
			buildSettings = {
				ALWAYS_SEARCH_USER_PATHS = NO;
				CLANG_ANALYZER_NONNULL = YES;
				CLANG_CXX_LANGUAGE_STANDARD = "gnu++0x";
				CLANG_CXX_LIBRARY = "libc++";
				CLANG_ENABLE_MODULES = YES;
				CLANG_ENABLE_OBJC_ARC = YES;
				CLANG_WARN_BOOL_CONVERSION = YES;
				CLANG_WARN_CONSTANT_CONVERSION = YES;
				CLANG_WARN_DIRECT_OBJC_ISA_USAGE = YES_ERROR;
				CLANG_WARN_EMPTY_BODY = YES;
				CLANG_WARN_ENUM_CONVERSION = YES;
				CLANG_WARN_INT_CONVERSION = YES;
				CLANG_WARN_OBJC_ROOT_CLASS = YES_ERROR;
				CLANG_WARN_UNREACHABLE_CODE = YES;
				CLANG_WARN__DUPLICATE_METHOD_MATCH = YES;
				"CODE_SIGN_IDENTITY[sdk=iphoneos*]" = "iPhone Developer";
				COPY_PHASE_STRIP = NO;
				DEBUG_INFORMATION_FORMAT = dwarf;
				ENABLE_STRICT_OBJC_MSGSEND = YES;
				ENABLE_TESTABILITY = YES;
				GCC_C_LANGUAGE_STANDARD = gnu99;
				GCC_DYNAMIC_NO_PIC = NO;
				GCC_NO_COMMON_BLOCKS = YES;
				GCC_OPTIMIZATION_LEVEL = 0;
				GCC_PREPROCESSOR_DEFINITIONS = (
					"DEBUG=1",
					"$(inherited)",
				);
				GCC_WARN_64_TO_32_BIT_CONVERSION = YES;
				GCC_WARN_ABOUT_RETURN_TYPE = YES_ERROR;
				GCC_WARN_UNDECLARED_SELECTOR = YES;
				GCC_WARN_UNINITIALIZED_AUTOS = YES_AGGRESSIVE;
				GCC_WARN_UNUSED_FUNCTION = YES;
				GCC_WARN_UNUSED_VARIABLE = YES;
				IPHONEOS_DEPLOYMENT_TARGET = 9.3;
				MTL_ENABLE_DEBUG_INFO = YES;
				ONLY_ACTIVE_ARCH = YES;
				SDKROOT = iphoneos;
				SWIFT_OPTIMIZATION_LEVEL = "-Onone";
			};
			name = Debug;
		};
		F666BCE41D69ACFE008AEC60 /* Release */ = {
			isa = XCBuildConfiguration;
			buildSettings = {
				ALWAYS_SEARCH_USER_PATHS = NO;
				CLANG_ANALYZER_NONNULL = YES;
				CLANG_CXX_LANGUAGE_STANDARD = "gnu++0x";
				CLANG_CXX_LIBRARY = "libc++";
				CLANG_ENABLE_MODULES = YES;
				CLANG_ENABLE_OBJC_ARC = YES;
				CLANG_WARN_BOOL_CONVERSION = YES;
				CLANG_WARN_CONSTANT_CONVERSION = YES;
				CLANG_WARN_DIRECT_OBJC_ISA_USAGE = YES_ERROR;
				CLANG_WARN_EMPTY_BODY = YES;
				CLANG_WARN_ENUM_CONVERSION = YES;
				CLANG_WARN_INT_CONVERSION = YES;
				CLANG_WARN_OBJC_ROOT_CLASS = YES_ERROR;
				CLANG_WARN_UNREACHABLE_CODE = YES;
				CLANG_WARN__DUPLICATE_METHOD_MATCH = YES;
				"CODE_SIGN_IDENTITY[sdk=iphoneos*]" = "iPhone Developer";
				COPY_PHASE_STRIP = NO;
				DEBUG_INFORMATION_FORMAT = "dwarf-with-dsym";
				ENABLE_NS_ASSERTIONS = NO;
				ENABLE_STRICT_OBJC_MSGSEND = YES;
				GCC_C_LANGUAGE_STANDARD = gnu99;
				GCC_NO_COMMON_BLOCKS = YES;
				GCC_WARN_64_TO_32_BIT_CONVERSION = YES;
				GCC_WARN_ABOUT_RETURN_TYPE = YES_ERROR;
				GCC_WARN_UNDECLARED_SELECTOR = YES;
				GCC_WARN_UNINITIALIZED_AUTOS = YES_AGGRESSIVE;
				GCC_WARN_UNUSED_FUNCTION = YES;
				GCC_WARN_UNUSED_VARIABLE = YES;
				IPHONEOS_DEPLOYMENT_TARGET = 9.3;
				MTL_ENABLE_DEBUG_INFO = NO;
				SDKROOT = iphoneos;
				VALIDATE_PRODUCT = YES;
			};
			name = Release;
		};
		F666BCE61D69ACFE008AEC60 /* Debug */ = {
			isa = XCBuildConfiguration;
			buildSettings = {
				ASSETCATALOG_COMPILER_APPICON_NAME = AppIcon;
				INFOPLIST_FILE = "Fast LLF/Info.plist";
				LD_RUNPATH_SEARCH_PATHS = "$(inherited) @executable_path/Frameworks";
				PRODUCT_BUNDLE_IDENTIFIER = "DaveNine.Fast-LLF";
				PRODUCT_NAME = "$(TARGET_NAME)";
			};
			name = Debug;
		};
		F666BCE71D69ACFE008AEC60 /* Release */ = {
			isa = XCBuildConfiguration;
			buildSettings = {
				ASSETCATALOG_COMPILER_APPICON_NAME = AppIcon;
				INFOPLIST_FILE = "Fast LLF/Info.plist";
				LD_RUNPATH_SEARCH_PATHS = "$(inherited) @executable_path/Frameworks";
				PRODUCT_BUNDLE_IDENTIFIER = "DaveNine.Fast-LLF";
				PRODUCT_NAME = "$(TARGET_NAME)";
			};
			name = Release;
		};
/* End XCBuildConfiguration section */

/* Begin XCConfigurationList section */
		F666BCCE1D69ACFE008AEC60 /* Build configuration list for PBXProject "Fast LLF" */ = {
			isa = XCConfigurationList;
			buildConfigurations = (
				F666BCE31D69ACFE008AEC60 /* Debug */,
				F666BCE41D69ACFE008AEC60 /* Release */,
			);
			defaultConfigurationIsVisible = 0;
			defaultConfigurationName = Release;
		};
		F666BCE51D69ACFE008AEC60 /* Build configuration list for PBXNativeTarget "Fast LLF" */ = {
			isa = XCConfigurationList;
			buildConfigurations = (
				F666BCE61D69ACFE008AEC60 /* Debug */,
				F666BCE71D69ACFE008AEC60 /* Release */,
			);
			defaultConfigurationIsVisible = 0;
		};
/* End XCConfigurationList section */
	};
	rootObject = F666BCCB1D69ACFE008AEC60 /* Project object */;
}
